
Microsoft Visual Studio Solution File, Format Version 12.00
# Visual Studio Version 16
VisualStudioVersion = 16.0.31112.23
MinimumVisualStudioVersion = 10.0.40219.1
Project("{9A19103F-16F7-4668-BE54-9A1E7A4F7556}") = "AzFunctionDipsAtrex", "AzFunctionDipsAtrex\AzFunctionDipsAtrex.csproj", "{6E2C2D28-E8D6-4E3E-A4CE-9338BE644007}"
EndProject
Project("{FAE04EC0-301F-11D3-BF4B-00C04F79EFBC}") = "AzFunctionDipsAtrex.DataAccess", "AzFunctionDipsAtrex.DataAccess\AzFunctionDipsAtrex.DataAccess.csproj", "{B8E8DEAD-EC03-467C-8A6C-A8F79C88EA9F}"
EndProject
Project("{FAE04EC0-301F-11D3-BF4B-00C04F79EFBC}") = "AzFunctionDipsAtrex.Models", "AzFunctionDipsAtrex.Models\AzFunctionDipsAtrex.Models.csproj", "{93BF55EC-4623-417A-A848-8BC3D1DB07EE}"
EndProject
Global
	GlobalSection(SolutionConfigurationPlatforms) = preSolution
		Debug|Any CPU = Debug|Any CPU
		Release|Any CPU = Release|Any CPU
	EndGlobalSection
	GlobalSection(ProjectConfigurationPlatforms) = postSolution
		{6E2C2D28-E8D6-4E3E-A4CE-9338BE644007}.Debug|Any CPU.ActiveCfg = Debug|Any CPU
		{6E2C2D28-E8D6-4E3E-A4CE-9338BE644007}.Debug|Any CPU.Build.0 = Debug|Any CPU
		{6E2C2D28-E8D6-4E3E-A4CE-9338BE644007}.Release|Any CPU.ActiveCfg = Release|Any CPU
		{6E2C2D28-E8D6-4E3E-A4CE-9338BE644007}.Release|Any CPU.Build.0 = Release|Any CPU
		{B8E8DEAD-EC03-467C-8A6C-A8F79C88EA9F}.Debug|Any CPU.ActiveCfg = Debug|Any CPU
		{B8E8DEAD-EC03-467C-8A6C-A8F79C88EA9F}.Debug|Any CPU.Build.0 = Debug|Any CPU
		{B8E8DEAD-EC03-467C-8A6C-A8F79C88EA9F}.Release|Any CPU.ActiveCfg = Release|Any CPU
		{B8E8DEAD-EC03-467C-8A6C-A8F79C88EA9F}.Release|Any CPU.Build.0 = Release|Any CPU
		{93BF55EC-4623-417A-A848-8BC3D1DB07EE}.Debug|Any CPU.ActiveCfg = Debug|Any CPU
		{93BF55EC-4623-417A-A848-8BC3D1DB07EE}.Debug|Any CPU.Build.0 = Debug|Any CPU
		{93BF55EC-4623-417A-A848-8BC3D1DB07EE}.Release|Any CPU.ActiveCfg = Release|Any CPU
		{93BF55EC-4623-417A-A848-8BC3D1DB07EE}.Release|Any CPU.Build.0 = Release|Any CPU
	EndGlobalSection
	GlobalSection(SolutionProperties) = preSolution
		HideSolutionNode = FALSE
	EndGlobalSection
	GlobalSection(ExtensibilityGlobals) = postSolution
		SolutionGuid = {BB47D7A1-4D55-4221-B6A2-C94B186A77BD}
	EndGlobalSection
EndGlobal
